# This file was autogenerated by uv via the following command:
#    uv pip compile --python-version 3.10 .agentsight/external/ToolSandbox/pyproject.toml -o docs/tmp/build-and-evaluate/step-0095-20260729T024929-0700/experiment-001/runtime/requirements.lock
absl-py==2.5.0
    # via rouge-score
aiohappyeyeballs==2.7.1
    # via aiohttp
aiohttp==3.14.3
    # via
    #   langchain
    #   langchain-community
aiosignal==1.4.0
    # via aiohttp
annotated-types==0.8.0
    # via pydantic
anthropic==0.26.1
    # via tool-sandbox (.agentsight/external/ToolSandbox/pyproject.toml)
anyio==4.14.2
    # via
    #   anthropic
    #   httpx
    #   langchain-core
    #   openai
async-timeout==4.0.3
    # via
    #   aiohttp
    #   langchain
attrs==26.1.0
    # via
    #   aiohttp
    #   jsonschema
    #   referencing
ccy==1.3.1
    # via tool-sandbox (.agentsight/external/ToolSandbox/pyproject.toml)
certifi==2026.7.22
    # via
    #   httpcore
    #   httpx
    #   requests
cffi==2.1.0
    # via cryptography
charset-normalizer==3.4.9
    # via requests
click==8.4.2
    # via nltk
cryptography==45.0.7
    # via google-auth
dataclasses-json==0.6.7
    # via
    #   langchain
    #   langchain-community
decorator==5.1.1
    # via tool-sandbox (.agentsight/external/ToolSandbox/pyproject.toml)
defusedxml==0.7.1
    # via nltk
dill==0.3.8
    # via tool-sandbox (.agentsight/external/ToolSandbox/pyproject.toml)
distro==1.9.0
    # via
    #   anthropic
    #   openai
docstring-parser==0.18.0
    # via google-cloud-aiplatform
exceptiongroup==1.3.1
    # via anyio
filelock==3.32.0
    # via
    #   huggingface-hub
    #   transformers
frozenlist==1.8.0
    # via
    #   aiohttp
    #   aiosignal
fsspec==2026.7.0
    # via huggingface-hub
geographiclib==2.1
    # via geopy
geopy==2.4.1
    # via tool-sandbox (.agentsight/external/ToolSandbox/pyproject.toml)
google-api-core==2.30.3
    # via
    #   google-cloud-aiplatform
    #   google-cloud-bigquery
    #   google-cloud-core
    #   google-cloud-resource-manager
    #   google-cloud-storage
google-auth==2.56.2
    # via
    #   google-api-core
    #   google-cloud-aiplatform
    #   google-cloud-bigquery
    #   google-cloud-core
    #   google-cloud-resource-manager
    #   google-cloud-storage
google-cloud-aiplatform==1.49.0
    # via vertexai
google-cloud-bigquery==3.30.0
    # via google-cloud-aiplatform
google-cloud-core==2.6.0
    # via
    #   google-cloud-bigquery
    #   google-cloud-storage
google-cloud-resource-manager==1.18.0
    # via google-cloud-aiplatform
google-cloud-storage==2.19.0
    # via google-cloud-aiplatform
google-crc32c==1.8.0
    # via
    #   google-cloud-storage
    #   google-resumable-media
google-resumable-media==2.10.0
    # via
    #   google-cloud-bigquery
    #   google-cloud-storage
googleapis-common-protos==1.75.0
    # via
    #   google-api-core
    #   grpc-google-iam-v1
    #   grpcio-status
greenlet==3.5.4
    # via sqlalchemy
grpc-google-iam-v1==0.14.4
    # via google-cloud-resource-manager
grpcio==1.83.0
    # via
    #   google-api-core
    #   google-cloud-resource-manager
    #   googleapis-common-protos
    #   grpc-google-iam-v1
    #   grpcio-status
grpcio-status==1.62.3
    # via google-api-core
h11==0.16.0
    # via httpcore
holidays==0.51
    # via tool-sandbox (.agentsight/external/ToolSandbox/pyproject.toml)
httpcore==1.0.9
    # via httpx
httpx==0.28.1
    # via
    #   anthropic
    #   openai
huggingface-hub==0.23.4
    # via
    #   tool-sandbox (.agentsight/external/ToolSandbox/pyproject.toml)
    #   tokenizers
    #   transformers
idna==3.18
    # via
    #   anyio
    #   httpx
    #   requests
    #   yarl
jiter==0.16.0
    # via anthropic
joblib==1.5.3
    # via nltk
jsonpatch==1.33
    # via
    #   langchain
    #   langchain-core
jsonpointer==3.1.1
    # via jsonpatch
jsonschema==4.19.2
    # via tool-sandbox (.agentsight/external/ToolSandbox/pyproject.toml)
jsonschema-specifications==2025.9.1
    # via jsonschema
langchain==0.1.3
    # via tool-sandbox (.agentsight/external/ToolSandbox/pyproject.toml)
langchain-community==0.0.20
    # via langchain
langchain-core==0.1.23
    # via
    #   langchain
    #   langchain-community
langsmith==0.0.87
    # via
    #   langchain
    #   langchain-community
    #   langchain-core
marshmallow==3.26.2
    # via dataclasses-json
multidict==6.7.1
    # via
    #   aiohttp
    #   yarl
mypy-extensions==1.1.0
    # via typing-inspect
networkx==3.2.1
    # via tool-sandbox (.agentsight/external/ToolSandbox/pyproject.toml)
nltk==3.10.0
    # via rouge-score
numpy==1.26.4
    # via
    #   tool-sandbox (.agentsight/external/ToolSandbox/pyproject.toml)
    #   langchain
    #   langchain-community
    #   rouge-score
    #   scipy
    #   shapely
    #   transformers
openai==1.17.0
    # via tool-sandbox (.agentsight/external/ToolSandbox/pyproject.toml)
packaging==23.2
    # via
    #   google-cloud-aiplatform
    #   google-cloud-bigquery
    #   huggingface-hub
    #   langchain-core
    #   marshmallow
    #   transformers
phonenumbers==8.13.39
    # via tool-sandbox (.agentsight/external/ToolSandbox/pyproject.toml)
pint==0.23
    # via tool-sandbox (.agentsight/external/ToolSandbox/pyproject.toml)
polars==0.20.31
    # via tool-sandbox (.agentsight/external/ToolSandbox/pyproject.toml)
propcache==0.5.2
    # via
    #   aiohttp
    #   yarl
proto-plus==1.28.2
    # via
    #   google-api-core
    #   google-cloud-aiplatform
    #   google-cloud-resource-manager
protobuf==4.25.9
    # via
    #   google-api-core
    #   google-cloud-aiplatform
    #   google-cloud-resource-manager
    #   googleapis-common-protos
    #   grpc-google-iam-v1
    #   grpcio-status
    #   proto-plus
pyasn1==0.6.4
    # via pyasn1-modules
pyasn1-modules==0.4.2
    # via google-auth
pycparser==3.0
    # via cffi
pydantic==2.7.4
    # via
    #   tool-sandbox (.agentsight/external/ToolSandbox/pyproject.toml)
    #   anthropic
    #   google-cloud-aiplatform
    #   langchain
    #   langchain-core
    #   langsmith
    #   openai
pydantic-core==2.18.4
    # via pydantic
python-dateutil==2.9.0.post0
    # via
    #   ccy
    #   google-cloud-bigquery
    #   holidays
pytz==2026.3.post1
    # via ccy
pyyaml==6.0.1
    # via
    #   tool-sandbox (.agentsight/external/ToolSandbox/pyproject.toml)
    #   huggingface-hub
    #   langchain
    #   langchain-community
    #   langchain-core
    #   transformers
rapidfuzz==3.9.3
    # via tool-sandbox (.agentsight/external/ToolSandbox/pyproject.toml)
referencing==0.37.0
    # via
    #   jsonschema
    #   jsonschema-specifications
regex==2026.7.19
    # via
    #   nltk
    #   transformers
requests==2.32.3
    # via
    #   tool-sandbox (.agentsight/external/ToolSandbox/pyproject.toml)
    #   google-api-core
    #   google-cloud-bigquery
    #   google-cloud-storage
    #   huggingface-hub
    #   langchain
    #   langchain-community
    #   langchain-core
    #   langsmith
    #   transformers
rouge-score==0.1.2
    # via tool-sandbox (.agentsight/external/ToolSandbox/pyproject.toml)
rpds-py==0.30.0
    # via
    #   jsonschema
    #   referencing
safetensors==0.8.0
    # via transformers
scipy==1.13.1
    # via tool-sandbox (.agentsight/external/ToolSandbox/pyproject.toml)
sentencepiece==0.2.0
    # via tool-sandbox (.agentsight/external/ToolSandbox/pyproject.toml)
shapely==2.1.2
    # via google-cloud-aiplatform
six==1.17.0
    # via
    #   python-dateutil
    #   rouge-score
sniffio==1.3.1
    # via
    #   anthropic
    #   openai
sqlalchemy==2.0.51
    # via
    #   langchain
    #   langchain-community
strenum==0.4.15
    # via tool-sandbox (.agentsight/external/ToolSandbox/pyproject.toml)
tenacity==8.4.1
    # via
    #   tool-sandbox (.agentsight/external/ToolSandbox/pyproject.toml)
    #   langchain
    #   langchain-community
    #   langchain-core
tokenizers==0.19.1
    # via
    #   anthropic
    #   transformers
tqdm==4.70.0
    # via
    #   huggingface-hub
    #   nltk
    #   openai
    #   transformers
transformers==4.41.2
    # via tool-sandbox (.agentsight/external/ToolSandbox/pyproject.toml)
tree-sitter==0.22.3
    # via
    #   tool-sandbox (.agentsight/external/ToolSandbox/pyproject.toml)
    #   tree-sitter-languages
tree-sitter-languages==1.10.2
    # via tool-sandbox (.agentsight/external/ToolSandbox/pyproject.toml)
typing-extensions==4.12.2
    # via
    #   tool-sandbox (.agentsight/external/ToolSandbox/pyproject.toml)
    #   aiohttp
    #   aiosignal
    #   anthropic
    #   anyio
    #   exceptiongroup
    #   grpcio
    #   huggingface-hub
    #   multidict
    #   openai
    #   pint
    #   pydantic
    #   pydantic-core
    #   referencing
    #   sqlalchemy
    #   typing-inspect
typing-inspect==0.9.0
    # via dataclasses-json
urllib3==2.7.0
    # via requests
vertexai==1.49.0
    # via tool-sandbox (.agentsight/external/ToolSandbox/pyproject.toml)
yarl==1.24.5
    # via aiohttp
